
Microsoft Visual Studio Solution File, Format Version 12.00
# Visual Studio Version 17
VisualStudioVersion = 17.14.36518.9 d17.14
MinimumVisualStudioVersion = 10.0.40219.1
Project("{FAE04EC0-301F-11D3-BF4B-00C04F79EFBC}") = "Task Tracker", "Task Tracker\Task Tracker.csproj", "{E2BE31CC-9D44-4C80-9EF4-86FA815C252C}"
EndProject
Global
	GlobalSection(SolutionConfigurationPlatforms) = preSolution
		Debug|Any CPU = Debug|Any CPU
		Release|Any CPU = Release|Any CPU
	EndGlobalSection
	GlobalSection(ProjectConfigurationPlatforms) = postSolution
		{E2BE31CC-9D44-4C80-9EF4-86FA815C252C}.Debug|Any CPU.ActiveCfg = Debug|Any CPU
		{E2BE31CC-9D44-4C80-9EF4-86FA815C252C}.Debug|Any CPU.Build.0 = Debug|Any CPU
		{E2BE31CC-9D44-4C80-9EF4-86FA815C252C}.Release|Any CPU.ActiveCfg = Release|Any CPU
		{E2BE31CC-9D44-4C80-9EF4-86FA815C252C}.Release|Any CPU.Build.0 = Release|Any CPU
	EndGlobalSection
	GlobalSection(SolutionProperties) = preSolution
		HideSolutionNode = FALSE
	EndGlobalSection
	GlobalSection(ExtensibilityGlobals) = postSolution
		SolutionGuid = {9D1AE48D-9863-44A0-9150-F124C6672E23}
	EndGlobalSection
EndGlobal
